<?xml version="1.0" encoding="utf-8"?>
<Project ToolsVersion="4.0" xmlns="http://schemas.microsoft.com/developer/msbuild/2003">
  <ItemGroup>
    <None Include="target_same_project.vcxproj" />
  </ItemGroup>
  <ItemGroup>
    <ClCompile Include="main.cpp" />
    <ClCompile Include="myadd.cpp" />
    <ClCompile Include="queue.cpp" />
    <ClCompile Include="myadd_test.cpp" />
    <ClCompile Include="queue_test.cpp" />
  </ItemGroup>
  <ItemGroup>
    <ClInclude Include="myadd.h" />
    <ClInclude Include="queue.h" />
  </ItemGroup>
</Project>